
Microsoft Visual Studio Solution File, Format Version 12.00
# Visual Studio 2012
Project("{FAE04EC0-301F-11D3-BF4B-00C04F79EFBC}") = "Latihan_1_1", "Latihan_1_1\Latihan_1_1.csproj", "{9E121ED4-A26B-4A48-8108-A44574784AAE}"
EndProject
Project("{FAE04EC0-301F-11D3-BF4B-00C04F79EFBC}") = "Latihan_1_2", "Latihan_1_2\Latihan_1_2.csproj", "{7DB21D48-9FBA-4264-B92B-4CC7110B24CC}"
EndProject
Global
	GlobalSection(SolutionConfigurationPlatforms) = preSolution
		Debug|Any CPU = Debug|Any CPU
		Release|Any CPU = Release|Any CPU
	EndGlobalSection
	GlobalSection(ProjectConfigurationPlatforms) = postSolution
		{9E121ED4-A26B-4A48-8108-A44574784AAE}.Debug|Any CPU.ActiveCfg = Debug|Any CPU
		{9E121ED4-A26B-4A48-8108-A44574784AAE}.Debug|Any CPU.Build.0 = Debug|Any CPU
		{9E121ED4-A26B-4A48-8108-A44574784AAE}.Release|Any CPU.ActiveCfg = Release|Any CPU
		{9E121ED4-A26B-4A48-8108-A44574784AAE}.Release|Any CPU.Build.0 = Release|Any CPU
		{7DB21D48-9FBA-4264-B92B-4CC7110B24CC}.Debug|Any CPU.ActiveCfg = Debug|Any CPU
		{7DB21D48-9FBA-4264-B92B-4CC7110B24CC}.Debug|Any CPU.Build.0 = Debug|Any CPU
		{7DB21D48-9FBA-4264-B92B-4CC7110B24CC}.Release|Any CPU.ActiveCfg = Release|Any CPU
		{7DB21D48-9FBA-4264-B92B-4CC7110B24CC}.Release|Any CPU.Build.0 = Release|Any CPU
	EndGlobalSection
	GlobalSection(SolutionProperties) = preSolution
		HideSolutionNode = FALSE
	EndGlobalSection
EndGlobal
