
Microsoft Visual Studio Solution File, Format Version 12.00
# Visual Studio 2012
Project("{FAE04EC0-301F-11D3-BF4B-00C04F79EFBC}") = "Latihan_1_1", "Latihan_1_1\Latihan_1_1.csproj", "{9E121ED4-A26B-4A48-8108-A44574784AAE}"
EndProject
Project("{FAE04EC0-301F-11D3-BF4B-00C04F79EFBC}") = "Latihan_1_2", "Latihan_1_2\Latihan_1_2.csproj", "{7DB21D48-9FBA-4264-B92B-4CC7110B24CC}"
EndProject
Project("{FAE04EC0-301F-11D3-BF4B-00C04F79EFBC}") = "Latihan_2_1", "Latihan_2_1\Latihan_2_1.csproj", "{D78E5AD1-BFD6-468B-91EE-0FC60533E249}"
EndProject
Project("{FAE04EC0-301F-11D3-BF4B-00C04F79EFBC}") = "Latihan_3_1", "Latihan_3_1\Latihan_3_1.csproj", "{CCAB8ABF-3BBC-42A1-8F7D-1E391FFE5FA9}"
EndProject
Project("{FAE04EC0-301F-11D3-BF4B-00C04F79EFBC}") = "Latihan_4_1", "Latihan_4_1\Latihan_4_1.csproj", "{787DBC91-7436-41B3-A6FF-CFC14BB751EB}"
EndProject
Project("{FAE04EC0-301F-11D3-BF4B-00C04F79EFBC}") = "Latihan_5_1", "Latihan_5_1\Latihan_5_1.csproj", "{DF3654FA-CDB8-4C04-AE31-BC8686337CF4}"
EndProject
Global
	GlobalSection(SolutionConfigurationPlatforms) = preSolution
		Debug|Any CPU = Debug|Any CPU
		Release|Any CPU = Release|Any CPU
	EndGlobalSection
	GlobalSection(ProjectConfigurationPlatforms) = postSolution
		{9E121ED4-A26B-4A48-8108-A44574784AAE}.Debug|Any CPU.ActiveCfg = Debug|Any CPU
		{9E121ED4-A26B-4A48-8108-A44574784AAE}.Debug|Any CPU.Build.0 = Debug|Any CPU
		{9E121ED4-A26B-4A48-8108-A44574784AAE}.Release|Any CPU.ActiveCfg = Release|Any CPU
		{9E121ED4-A26B-4A48-8108-A44574784AAE}.Release|Any CPU.Build.0 = Release|Any CPU
		{7DB21D48-9FBA-4264-B92B-4CC7110B24CC}.Debug|Any CPU.ActiveCfg = Debug|Any CPU
		{7DB21D48-9FBA-4264-B92B-4CC7110B24CC}.Debug|Any CPU.Build.0 = Debug|Any CPU
		{7DB21D48-9FBA-4264-B92B-4CC7110B24CC}.Release|Any CPU.ActiveCfg = Release|Any CPU
		{7DB21D48-9FBA-4264-B92B-4CC7110B24CC}.Release|Any CPU.Build.0 = Release|Any CPU
		{D78E5AD1-BFD6-468B-91EE-0FC60533E249}.Debug|Any CPU.ActiveCfg = Debug|Any CPU
		{D78E5AD1-BFD6-468B-91EE-0FC60533E249}.Debug|Any CPU.Build.0 = Debug|Any CPU
		{D78E5AD1-BFD6-468B-91EE-0FC60533E249}.Release|Any CPU.ActiveCfg = Release|Any CPU
		{D78E5AD1-BFD6-468B-91EE-0FC60533E249}.Release|Any CPU.Build.0 = Release|Any CPU
		{CCAB8ABF-3BBC-42A1-8F7D-1E391FFE5FA9}.Debug|Any CPU.ActiveCfg = Debug|Any CPU
		{CCAB8ABF-3BBC-42A1-8F7D-1E391FFE5FA9}.Debug|Any CPU.Build.0 = Debug|Any CPU
		{CCAB8ABF-3BBC-42A1-8F7D-1E391FFE5FA9}.Release|Any CPU.ActiveCfg = Release|Any CPU
		{CCAB8ABF-3BBC-42A1-8F7D-1E391FFE5FA9}.Release|Any CPU.Build.0 = Release|Any CPU
		{787DBC91-7436-41B3-A6FF-CFC14BB751EB}.Debug|Any CPU.ActiveCfg = Debug|Any CPU
		{787DBC91-7436-41B3-A6FF-CFC14BB751EB}.Debug|Any CPU.Build.0 = Debug|Any CPU
		{787DBC91-7436-41B3-A6FF-CFC14BB751EB}.Release|Any CPU.ActiveCfg = Release|Any CPU
		{787DBC91-7436-41B3-A6FF-CFC14BB751EB}.Release|Any CPU.Build.0 = Release|Any CPU
		{DF3654FA-CDB8-4C04-AE31-BC8686337CF4}.Debug|Any CPU.ActiveCfg = Debug|Any CPU
		{DF3654FA-CDB8-4C04-AE31-BC8686337CF4}.Debug|Any CPU.Build.0 = Debug|Any CPU
		{DF3654FA-CDB8-4C04-AE31-BC8686337CF4}.Release|Any CPU.ActiveCfg = Release|Any CPU
		{DF3654FA-CDB8-4C04-AE31-BC8686337CF4}.Release|Any CPU.Build.0 = Release|Any CPU
	EndGlobalSection
	GlobalSection(SolutionProperties) = preSolution
		HideSolutionNode = FALSE
	EndGlobalSection
EndGlobal
